
Microsoft Visual Studio Solution File, Format Version 12.00
# Visual Studio 15
VisualStudioVersion = 15.0.27428.2015
MinimumVisualStudioVersion = 10.0.40219.1
Project("{9A19103F-16F7-4668-BE54-9A1E7A4F7556}") = "Peschu.Data", "Peschu.Data\Peschu.Data.csproj", "{FB598963-5AE7-4F0B-8CA6-53F9941806E7}"
EndProject
Project("{9A19103F-16F7-4668-BE54-9A1E7A4F7556}") = "Peschu.Services", "Peschu.Services\Peschu.Services.csproj", "{4F2EE4D0-BF2A-4944-82FD-35D57F39FBAD}"
EndProject
Project("{9A19103F-16F7-4668-BE54-9A1E7A4F7556}") = "Peschu.Common", "Peschu.Common\Peschu.Common.csproj", "{792B6EF9-F3C3-4A19-A70A-FCCB7850E3F5}"
EndProject
Project("{9A19103F-16F7-4668-BE54-9A1E7A4F7556}") = "Peschu.Web", "Peschu.Web\Peschu.Web.csproj", "{AAE1902B-8F9F-4CE6-9DC3-0E71BDD484BB}"
EndProject
Project("{FAE04EC0-301F-11D3-BF4B-00C04F79EFBC}") = "Peschu.Test", "Peschu.Test\Peschu.Test.csproj", "{2A427500-4DA4-4AF2-8CB7-1AFAC8C88BEF}"
EndProject
Global
	GlobalSection(SolutionConfigurationPlatforms) = preSolution
		Debug|Any CPU = Debug|Any CPU
		Release|Any CPU = Release|Any CPU
	EndGlobalSection
	GlobalSection(ProjectConfigurationPlatforms) = postSolution
		{FB598963-5AE7-4F0B-8CA6-53F9941806E7}.Debug|Any CPU.ActiveCfg = Debug|Any CPU
		{FB598963-5AE7-4F0B-8CA6-53F9941806E7}.Debug|Any CPU.Build.0 = Debug|Any CPU
		{FB598963-5AE7-4F0B-8CA6-53F9941806E7}.Release|Any CPU.ActiveCfg = Release|Any CPU
		{FB598963-5AE7-4F0B-8CA6-53F9941806E7}.Release|Any CPU.Build.0 = Release|Any CPU
		{4F2EE4D0-BF2A-4944-82FD-35D57F39FBAD}.Debug|Any CPU.ActiveCfg = Debug|Any CPU
		{4F2EE4D0-BF2A-4944-82FD-35D57F39FBAD}.Debug|Any CPU.Build.0 = Debug|Any CPU
		{4F2EE4D0-BF2A-4944-82FD-35D57F39FBAD}.Release|Any CPU.ActiveCfg = Release|Any CPU
		{4F2EE4D0-BF2A-4944-82FD-35D57F39FBAD}.Release|Any CPU.Build.0 = Release|Any CPU
		{792B6EF9-F3C3-4A19-A70A-FCCB7850E3F5}.Debug|Any CPU.ActiveCfg = Debug|Any CPU
		{792B6EF9-F3C3-4A19-A70A-FCCB7850E3F5}.Debug|Any CPU.Build.0 = Debug|Any CPU
		{792B6EF9-F3C3-4A19-A70A-FCCB7850E3F5}.Release|Any CPU.ActiveCfg = Release|Any CPU
		{792B6EF9-F3C3-4A19-A70A-FCCB7850E3F5}.Release|Any CPU.Build.0 = Release|Any CPU
		{AAE1902B-8F9F-4CE6-9DC3-0E71BDD484BB}.Debug|Any CPU.ActiveCfg = Debug|Any CPU
		{AAE1902B-8F9F-4CE6-9DC3-0E71BDD484BB}.Debug|Any CPU.Build.0 = Debug|Any CPU
		{AAE1902B-8F9F-4CE6-9DC3-0E71BDD484BB}.Release|Any CPU.ActiveCfg = Release|Any CPU
		{AAE1902B-8F9F-4CE6-9DC3-0E71BDD484BB}.Release|Any CPU.Build.0 = Release|Any CPU
		{2A427500-4DA4-4AF2-8CB7-1AFAC8C88BEF}.Debug|Any CPU.ActiveCfg = Debug|Any CPU
		{2A427500-4DA4-4AF2-8CB7-1AFAC8C88BEF}.Debug|Any CPU.Build.0 = Debug|Any CPU
		{2A427500-4DA4-4AF2-8CB7-1AFAC8C88BEF}.Release|Any CPU.ActiveCfg = Release|Any CPU
		{2A427500-4DA4-4AF2-8CB7-1AFAC8C88BEF}.Release|Any CPU.Build.0 = Release|Any CPU
	EndGlobalSection
	GlobalSection(SolutionProperties) = preSolution
		HideSolutionNode = FALSE
	EndGlobalSection
	GlobalSection(ExtensibilityGlobals) = postSolution
		SolutionGuid = {7C1DE1E5-080C-46F1-9760-52FECEB259F3}
	EndGlobalSection
EndGlobal
